
Microsoft Visual Studio Solution File, Format Version 12.00
# Visual Studio Version 17
VisualStudioVersion = 17.8.34330.188
MinimumVisualStudioVersion = 10.0.40219.1
Project("{8BC9CEB8-8B4A-11D0-8D11-00A0C91BC942}") = "3DEnjin", "3DEnjin\3DEnjin.vcxproj", "{20936B25-7934-406C-BEEF-3C30A4954690}"
EndProject
Global
	GlobalSection(SolutionConfigurationPlatforms) = preSolution
		Debug|x64 = Debug|x64
		Debug|x86 = Debug|x86
		Release|x64 = Release|x64
		Release|x86 = Release|x86
	EndGlobalSection
	GlobalSection(ProjectConfigurationPlatforms) = postSolution
		{20936B25-7934-406C-BEEF-3C30A4954690}.Debug|x64.ActiveCfg = Debug|x64
		{20936B25-7934-406C-BEEF-3C30A4954690}.Debug|x64.Build.0 = Debug|x64
		{20936B25-7934-406C-BEEF-3C30A4954690}.Debug|x86.ActiveCfg = Debug|Win32
		{20936B25-7934-406C-BEEF-3C30A4954690}.Debug|x86.Build.0 = Debug|Win32
		{20936B25-7934-406C-BEEF-3C30A4954690}.Release|x64.ActiveCfg = Release|x64
		{20936B25-7934-406C-BEEF-3C30A4954690}.Release|x64.Build.0 = Release|x64
		{20936B25-7934-406C-BEEF-3C30A4954690}.Release|x86.ActiveCfg = Release|Win32
		{20936B25-7934-406C-BEEF-3C30A4954690}.Release|x86.Build.0 = Release|Win32
	EndGlobalSection
	GlobalSection(SolutionProperties) = preSolution
		HideSolutionNode = FALSE
	EndGlobalSection
	GlobalSection(ExtensibilityGlobals) = postSolution
		SolutionGuid = {DD3A2D54-64C6-4C8A-BF9B-6C78F9E63628}
	EndGlobalSection
EndGlobal
